{
  "version": 4,
  "terraform_version": "1.9.0",
  "serial": 1,
  "lineage": "b47ddd81-71a4-9b9c-f923-5f8bc8e4ecce",
  "outputs": {},
  "resources": [
    {
      "mode": "data",
      "type": "gandi_domain",
      "name": "tl-org",
      "provider": "provider[\"registry.opentofu.org/go-gandi/gandi\"]",
      "instances": [
        {
          "schema_version": 0,
          "attributes": {
            "id": "tahoe-lafs.org",
            "name": "tahoe-lafs.org",
            "nameservers": [
              "ns-29-a.gnadi.net",
              "ns-70-b.gnadi.net",
              "ns-153-c.gnadi.net"
            ]
          },
          "sensitive_attributes": []
        }
      ]
    },
    {
      "mode": "managed",
      "type": "gandi_livedns_domain",
      "name": "tl-org",
      "provider": "provider[\"registry.opentofu.org/go-gandi/gandi\"]",
      "instances": [
        {
          "schema_version": 0,
          "attributes": {
            "automatic_snapshots": true,
            "id": "tahoe-lafs.org",
            "name": "tahoe-lafs.org",
            "timeouts": {
              "default": null
            },
            "ttl": null
          },
          "sensitive_attributes": [],
          "private": "eyJlMmJmYjczMC1lY2FhLTExZTYtOGY4OC0zNDM2M2JjN2M0YzAiOnsiY3JlYXRlIjo2MDAwMDAwMDAwMCwiZGVmYXVsdCI6NjAwMDAwMDAwMDAsImRlbGV0ZSI6NjAwMDAwMDAwMDAsInJlYWQiOjYwMDAwMDAwMDAwLCJ1cGRhdGUiOjYwMDAwMDAwMDAwfSwic2NoZW1hX3ZlcnNpb24iOiIwIn0=",
          "dependencies": [
            "data.gandi_domain.tl-org"
          ]
        }
      ]
    },
    {
      "mode": "managed",
      "type": "gandi_livedns_record",
      "name": "tl-org_A",
      "provider": "provider[\"registry.opentofu.org/go-gandi/gandi\"]",
      "instances": [
        {
          "schema_version": 0,
          "attributes": {
            "href": "https://api.sandbox.gandi.net/v5/livedns/domains/tahoe-lafs.org/records/@/A/api/v5/domains/tahoe-lafs.org/records/@/A",
            "id": "tahoe-lafs.org/@/A",
            "mutable": null,
            "name": "@",
            "timeouts": null,
            "ttl": 10800,
            "type": "A",
            "values": [
              "74.207.252.227"
            ],
            "zone": "tahoe-lafs.org"
          },
          "sensitive_attributes": [],
          "private": "eyJlMmJmYjczMC1lY2FhLTExZTYtOGY4OC0zNDM2M2JjN2M0YzAiOnsiY3JlYXRlIjo2MDAwMDAwMDAwMCwiZGVmYXVsdCI6NjAwMDAwMDAwMDAsImRlbGV0ZSI6NjAwMDAwMDAwMDAsInJlYWQiOjYwMDAwMDAwMDAwLCJ1cGRhdGUiOjYwMDAwMDAwMDAwfX0=",
          "dependencies": [
            "data.gandi_domain.tl-org"
          ]
        }
      ]
    },
    {
      "mode": "managed",
      "type": "gandi_livedns_record",
      "name": "tl-org_MX",
      "provider": "provider[\"registry.opentofu.org/go-gandi/gandi\"]",
      "instances": [
        {
          "schema_version": 0,
          "attributes": {
            "href": "https://api.sandbox.gandi.net/v5/livedns/domains/tahoe-lafs.org/records/@/MX/api/v5/domains/tahoe-lafs.org/records/@/MX",
            "id": "tahoe-lafs.org/@/MX",
            "mutable": null,
            "name": "@",
            "timeouts": null,
            "ttl": 10800,
            "type": "MX",
            "values": [
              "50 tahoe-lafs.org."
            ],
            "zone": "tahoe-lafs.org"
          },
          "sensitive_attributes": [],
          "private": "eyJlMmJmYjczMC1lY2FhLTExZTYtOGY4OC0zNDM2M2JjN2M0YzAiOnsiY3JlYXRlIjo2MDAwMDAwMDAwMCwiZGVmYXVsdCI6NjAwMDAwMDAwMDAsImRlbGV0ZSI6NjAwMDAwMDAwMDAsInJlYWQiOjYwMDAwMDAwMDAwLCJ1cGRhdGUiOjYwMDAwMDAwMDAwfX0=",
          "dependencies": [
            "data.gandi_domain.tl-org"
          ]
        }
      ]
    },
    {
      "mode": "managed",
      "type": "gandi_livedns_record",
      "name": "tl-org_www",
      "provider": "provider[\"registry.opentofu.org/go-gandi/gandi\"]",
      "instances": [
        {
          "schema_version": 0,
          "attributes": {
            "href": "https://api.sandbox.gandi.net/v5/livedns/domains/tahoe-lafs.org/records/www/CNAME",
            "id": "tahoe-lafs.org/www/CNAME",
            "mutable": null,
            "name": "www",
            "timeouts": null,
            "ttl": 10800,
            "type": "CNAME",
            "values": [
              "tahoe-lafs.org."
            ],
            "zone": "tahoe-lafs.org"
          },
          "sensitive_attributes": [],
          "private": "eyJlMmJmYjczMC1lY2FhLTExZTYtOGY4OC0zNDM2M2JjN2M0YzAiOnsiY3JlYXRlIjo2MDAwMDAwMDAwMCwiZGVmYXVsdCI6NjAwMDAwMDAwMDAsImRlbGV0ZSI6NjAwMDAwMDAwMDAsInJlYWQiOjYwMDAwMDAwMDAwLCJ1cGRhdGUiOjYwMDAwMDAwMDAwfX0=",
          "dependencies": [
            "data.gandi_domain.tl-org"
          ]
        }
      ]
    },
    {
      "mode": "managed",
      "type": "gandi_livedns_record",
      "name": "webforge_aliases",
      "provider": "provider[\"registry.opentofu.org/go-gandi/gandi\"]",
      "instances": [
        {
          "index_key": "forge",
          "schema_version": 0,
          "attributes": {
            "href": "https://api.sandbox.gandi.net/v5/livedns/domains/tahoe-lafs.org/records/forge/CNAME",
            "id": "tahoe-lafs.org/forge/CNAME",
            "mutable": null,
            "name": "forge",
            "timeouts": null,
            "ttl": 3600,
            "type": "CNAME",
            "values": [
              "webforge.tahoe-lafs.org."
            ],
            "zone": "tahoe-lafs.org"
          },
          "sensitive_attributes": [],
          "private": "eyJlMmJmYjczMC1lY2FhLTExZTYtOGY4OC0zNDM2M2JjN2M0YzAiOnsiY3JlYXRlIjo2MDAwMDAwMDAwMCwiZGVmYXVsdCI6NjAwMDAwMDAwMDAsImRlbGV0ZSI6NjAwMDAwMDAwMDAsInJlYWQiOjYwMDAwMDAwMDAwLCJ1cGRhdGUiOjYwMDAwMDAwMDAwfX0=",
          "dependencies": [
            "data.gandi_domain.tl-org",
            "hcloud_server.webforge",
            "hcloud_ssh_key.ssh_keys"
          ]
        },
        {
          "index_key": "live",
          "schema_version": 0,
          "attributes": {
            "href": "https://api.sandbox.gandi.net/v5/livedns/domains/tahoe-lafs.org/records/live/CNAME",
            "id": "tahoe-lafs.org/live/CNAME",
            "mutable": null,
            "name": "live",
            "timeouts": null,
            "ttl": 3600,
            "type": "CNAME",
            "values": [
              "webforge.tahoe-lafs.org."
            ],
            "zone": "tahoe-lafs.org"
          },
          "sensitive_attributes": [],
          "private": "eyJlMmJmYjczMC1lY2FhLTExZTYtOGY4OC0zNDM2M2JjN2M0YzAiOnsiY3JlYXRlIjo2MDAwMDAwMDAwMCwiZGVmYXVsdCI6NjAwMDAwMDAwMDAsImRlbGV0ZSI6NjAwMDAwMDAwMDAsInJlYWQiOjYwMDAwMDAwMDAwLCJ1cGRhdGUiOjYwMDAwMDAwMDAwfX0=",
          "dependencies": [
            "data.gandi_domain.tl-org",
            "hcloud_server.webforge"
          ]
        },
        {
          "index_key": "preview",
          "schema_version": 0,
          "attributes": {
            "href": "https://api.sandbox.gandi.net/v5/livedns/domains/tahoe-lafs.org/records/preview/CNAME",
            "id": "tahoe-lafs.org/preview/CNAME",
            "mutable": null,
            "name": "preview",
            "timeouts": null,
            "ttl": 3600,
            "type": "CNAME",
            "values": [
              "webforge.tahoe-lafs.org."
            ],
            "zone": "tahoe-lafs.org"
          },
          "sensitive_attributes": [],
          "private": "eyJlMmJmYjczMC1lY2FhLTExZTYtOGY4OC0zNDM2M2JjN2M0YzAiOnsiY3JlYXRlIjo2MDAwMDAwMDAwMCwiZGVmYXVsdCI6NjAwMDAwMDAwMDAsImRlbGV0ZSI6NjAwMDAwMDAwMDAsInJlYWQiOjYwMDAwMDAwMDAwLCJ1cGRhdGUiOjYwMDAwMDAwMDAwfX0=",
          "dependencies": [
            "data.gandi_domain.tl-org",
            "hcloud_server.webforge",
            "hcloud_ssh_key.ssh_keys"
          ]
        }
      ]
    },
    {
      "mode": "managed",
      "type": "gandi_livedns_record",
      "name": "webforge_ipv4",
      "provider": "provider[\"registry.opentofu.org/go-gandi/gandi\"]",
      "instances": [
        {
          "schema_version": 0,
          "attributes": {
            "href": "https://api.sandbox.gandi.net/v5/livedns/domains/tahoe-lafs.org/records/webforge/A",
            "id": "tahoe-lafs.org/webforge/A",
            "mutable": null,
            "name": "webforge",
            "timeouts": null,
            "ttl": 3600,
            "type": "A",
            "values": [
              "37.27.2.161"
            ],
            "zone": "tahoe-lafs.org"
          },
          "sensitive_attributes": [],
          "private": "eyJlMmJmYjczMC1lY2FhLTExZTYtOGY4OC0zNDM2M2JjN2M0YzAiOnsiY3JlYXRlIjo2MDAwMDAwMDAwMCwiZGVmYXVsdCI6NjAwMDAwMDAwMDAsImRlbGV0ZSI6NjAwMDAwMDAwMDAsInJlYWQiOjYwMDAwMDAwMDAwLCJ1cGRhdGUiOjYwMDAwMDAwMDAwfX0=",
          "dependencies": [
            "data.gandi_domain.tl-org",
            "hcloud_server.webforge",
            "hcloud_ssh_key.ssh_keys"
          ]
        }
      ]
    },
    {
      "mode": "managed",
      "type": "gandi_livedns_record",
      "name": "webforge_ipv6",
      "provider": "provider[\"registry.opentofu.org/go-gandi/gandi\"]",
      "instances": [
        {
          "schema_version": 0,
          "attributes": {
            "href": "https://api.sandbox.gandi.net/v5/livedns/domains/tahoe-lafs.org/records/webforge/AAAA",
            "id": "tahoe-lafs.org/webforge/AAAA",
            "mutable": null,
            "name": "webforge",
            "timeouts": null,
            "ttl": 3600,
            "type": "AAAA",
            "values": [
              "2a01:4f9:c010:c759::1"
            ],
            "zone": "tahoe-lafs.org"
          },
          "sensitive_attributes": [],
          "private": "eyJlMmJmYjczMC1lY2FhLTExZTYtOGY4OC0zNDM2M2JjN2M0YzAiOnsiY3JlYXRlIjo2MDAwMDAwMDAwMCwiZGVmYXVsdCI6NjAwMDAwMDAwMDAsImRlbGV0ZSI6NjAwMDAwMDAwMDAsInJlYWQiOjYwMDAwMDAwMDAwLCJ1cGRhdGUiOjYwMDAwMDAwMDAwfX0=",
          "dependencies": [
            "data.gandi_domain.tl-org",
            "hcloud_server.webforge",
            "hcloud_ssh_key.ssh_keys"
          ]
        }
      ]
    },
    {
      "mode": "managed",
      "type": "gandi_nameservers",
      "name": "tl-org",
      "provider": "provider[\"registry.opentofu.org/go-gandi/gandi\"]",
      "instances": [
        {
          "schema_version": 0,
          "attributes": {
            "domain": "tahoe-lafs.org",
            "id": "tahoe-lafs.org",
            "nameservers": [
              "ns-29-a.gnadi.net",
              "ns-70-b.gnadi.net",
              "ns-153-c.gnadi.net"
            ],
            "timeouts": {
              "default": null
            }
          },
          "sensitive_attributes": [],
          "private": "eyJlMmJmYjczMC1lY2FhLTExZTYtOGY4OC0zNDM2M2JjN2M0YzAiOnsiY3JlYXRlIjo2MDAwMDAwMDAwMCwiZGVmYXVsdCI6NjAwMDAwMDAwMDAsImRlbGV0ZSI6NjAwMDAwMDAwMDAsInJlYWQiOjYwMDAwMDAwMDAwLCJ1cGRhdGUiOjYwMDAwMDAwMDAwfSwic2NoZW1hX3ZlcnNpb24iOiIwIn0=",
          "dependencies": [
            "data.gandi_domain.tl-org"
          ]
        }
      ]
    },
    {
      "mode": "managed",
      "type": "hcloud_rdns",
      "name": "webforge_ipv4",
      "provider": "provider[\"registry.opentofu.org/hetznercloud/hcloud\"]",
      "instances": [
        {
          "schema_version": 0,
          "attributes": {
            "dns_ptr": "webforge.tahoe-lafs.org",
            "floating_ip_id": null,
            "id": "s-58516175-37.27.2.161",
            "ip_address": "37.27.2.161",
            "load_balancer_id": null,
            "primary_ip_id": null,
            "server_id": 58516175
          },
          "sensitive_attributes": [],
          "private": "bnVsbA==",
          "dependencies": [
            "data.gandi_domain.tl-org",
            "hcloud_server.webforge",
            "hcloud_ssh_key.ssh_keys"
          ]
        }
      ]
    },
    {
      "mode": "managed",
      "type": "hcloud_rdns",
      "name": "webforge_ipv6",
      "provider": "provider[\"registry.opentofu.org/hetznercloud/hcloud\"]",
      "instances": [
        {
          "schema_version": 0,
          "attributes": {
            "dns_ptr": "webforge.tahoe-lafs.org",
            "floating_ip_id": null,
            "id": "s-58516175-2a01:4f9:c010:c759::1",
            "ip_address": "2a01:4f9:c010:c759::1",
            "load_balancer_id": null,
            "primary_ip_id": null,
            "server_id": 58516175
          },
          "sensitive_attributes": [],
          "private": "bnVsbA==",
          "dependencies": [
            "data.gandi_domain.tl-org",
            "hcloud_server.webforge",
            "hcloud_ssh_key.ssh_keys"
          ]
        }
      ]
    },
    {
      "mode": "managed",
      "type": "hcloud_server",
      "name": "webforge",
      "provider": "provider[\"registry.opentofu.org/hetznercloud/hcloud\"]",
      "instances": [
        {
          "schema_version": 0,
          "attributes": {
            "allow_deprecated_images": false,
            "backup_window": "06-10",
            "backups": true,
            "datacenter": "hel1-dc2",
            "delete_protection": false,
            "firewall_ids": [],
            "id": "58516175",
            "ignore_remote_firewall_ids": false,
            "image": "debian-12",
            "ipv4_address": "37.27.2.161",
            "ipv6_address": "2a01:4f9:c010:c759::1",
            "ipv6_network": "2a01:4f9:c010:c759::/64",
            "iso": null,
            "keep_disk": false,
            "labels": {
              "env": "prod",
              "source": "tf-tahoe-lafs-core"
            },
            "location": "hel1",
            "name": "webforge",
            "network": [],
            "placement_group_id": null,
            "primary_disk_size": 80,
            "public_net": [],
            "rebuild_protection": false,
            "rescue": null,
            "server_type": "cx32",
            "shutdown_before_deletion": false,
            "ssh_keys": [
              "tf-benoit-000619776016",
              "tf-florian-000018054987"
            ],
            "status": "running",
            "timeouts": null,
            "user_data": "8fL+4BE7QHom0AK2E96oM/BFPbU="
          },
          "sensitive_attributes": [],
          "private": "eyJlMmJmYjczMC1lY2FhLTExZTYtOGY4OC0zNDM2M2JjN2M0YzAiOnsiY3JlYXRlIjo1NDAwMDAwMDAwMDAwfX0=",
          "dependencies": [
            "hcloud_ssh_key.ssh_keys"
          ]
        }
      ]
    },
    {
      "mode": "managed",
      "type": "hcloud_ssh_key",
      "name": "ssh_keys",
      "provider": "provider[\"registry.opentofu.org/hetznercloud/hcloud\"]",
      "instances": [
        {
          "index_key": "tf-benoit-000619776016",
          "schema_version": 0,
          "attributes": {
            "fingerprint": "7b:bc:50:61:0c:e8:12:54:26:43:96:8f:60:dd:7d:e8",
            "id": "26187450",
            "labels": {},
            "name": "tf-benoit-000619776016",
            "public_key": "ssh-ed25519 AAAAC3NzaC1lZDI1NTE5AAAAIIZtWY7t8HVnaz6bluYsrAlzZC3MZtb8g0nO5L5fCQKR benoit@leastauthority.com"
          },
          "sensitive_attributes": [],
          "private": "bnVsbA=="
        },
        {
          "index_key": "tf-florian-000018054987",
          "schema_version": 0,
          "attributes": {
            "fingerprint": "91:e2:1c:b7:07:3a:14:15:6a:1c:5a:9f:96:3a:83:82",
            "id": "26187451",
            "labels": {},
            "name": "tf-florian-000018054987",
            "public_key": "ssh-ed25519 AAAAC3NzaC1lZDI1NTE5AAAAIJlPneIaRT/mqu13N83ctEftub4O6zAfi6qgzZKerU5o florian@leastauthority.com"
          },
          "sensitive_attributes": [],
          "private": "bnVsbA=="
        }
      ]
    }
  ],
  "check_results": null
}
